
Microsoft Visual Studio Solution File, Format Version 12.00
# Visual Studio Version 17
VisualStudioVersion = 17.4.33213.308
MinimumVisualStudioVersion = 10.0.40219.1
Project("{F184B08F-C81C-45F6-A57F-5ABD9991F28F}") = "bookStore", "bookStore\bookStore.vbproj", "{061E1491-2D19-416C-8D91-4560C3EAB5A8}"
EndProject
Global
	GlobalSection(SolutionConfigurationPlatforms) = preSolution
		Debug|Any CPU = Debug|Any CPU
		Release|Any CPU = Release|Any CPU
	EndGlobalSection
	GlobalSection(ProjectConfigurationPlatforms) = postSolution
		{061E1491-2D19-416C-8D91-4560C3EAB5A8}.Debug|Any CPU.ActiveCfg = Debug|Any CPU
		{061E1491-2D19-416C-8D91-4560C3EAB5A8}.Debug|Any CPU.Build.0 = Debug|Any CPU
		{061E1491-2D19-416C-8D91-4560C3EAB5A8}.Release|Any CPU.ActiveCfg = Release|Any CPU
		{061E1491-2D19-416C-8D91-4560C3EAB5A8}.Release|Any CPU.Build.0 = Release|Any CPU
	EndGlobalSection
	GlobalSection(SolutionProperties) = preSolution
		HideSolutionNode = FALSE
	EndGlobalSection
	GlobalSection(ExtensibilityGlobals) = postSolution
		SolutionGuid = {EAA87429-9BB2-448C-A2E0-5EBE4A4472F7}
	EndGlobalSection
EndGlobal
